
Microsoft Visual Studio Solution File, Format Version 12.00
# Visual Studio Version 17
VisualStudioVersion = 17.9.34728.123
MinimumVisualStudioVersion = 10.0.40219.1
Project("{FAE04EC0-301F-11D3-BF4B-00C04F79EFBC}") = "AssistantGameMaster", "AssistantGameMaster.csproj", "{C8F64A14-33EB-4997-9902-ACF0E13373AB}"
EndProject
Global
	GlobalSection(SolutionConfigurationPlatforms) = preSolution
		Debug|Any CPU = Debug|Any CPU
		Release|Any CPU = Release|Any CPU
	EndGlobalSection
	GlobalSection(ProjectConfigurationPlatforms) = postSolution
		{C8F64A14-33EB-4997-9902-ACF0E13373AB}.Debug|Any CPU.ActiveCfg = Debug|Any CPU
		{C8F64A14-33EB-4997-9902-ACF0E13373AB}.Debug|Any CPU.Build.0 = Debug|Any CPU
		{C8F64A14-33EB-4997-9902-ACF0E13373AB}.Release|Any CPU.ActiveCfg = Release|Any CPU
		{C8F64A14-33EB-4997-9902-ACF0E13373AB}.Release|Any CPU.Build.0 = Release|Any CPU
	EndGlobalSection
	GlobalSection(SolutionProperties) = preSolution
		HideSolutionNode = FALSE
	EndGlobalSection
	GlobalSection(ExtensibilityGlobals) = postSolution
		SolutionGuid = {B53A5683-9FC2-4957-A765-6051CA28D16B}
	EndGlobalSection
EndGlobal
